
Microsoft Visual Studio Solution File, Format Version 12.00
# Visual Studio Version 16
VisualStudioVersion = 16.0.32002.261
MinimumVisualStudioVersion = 10.0.40219.1
Project("{FAE04EC0-301F-11D3-BF4B-00C04F79EFBC}") = "WpfApp1", "WpfApp1\WpfApp1.csproj", "{94478B98-5BD5-4591-BB88-C46914B04552}"
EndProject
Global
	GlobalSection(SolutionConfigurationPlatforms) = preSolution
		Debug|Any CPU = Debug|Any CPU
		Release|Any CPU = Release|Any CPU
	EndGlobalSection
	GlobalSection(ProjectConfigurationPlatforms) = postSolution
		{94478B98-5BD5-4591-BB88-C46914B04552}.Debug|Any CPU.ActiveCfg = Debug|Any CPU
		{94478B98-5BD5-4591-BB88-C46914B04552}.Debug|Any CPU.Build.0 = Debug|Any CPU
		{94478B98-5BD5-4591-BB88-C46914B04552}.Release|Any CPU.ActiveCfg = Release|Any CPU
		{94478B98-5BD5-4591-BB88-C46914B04552}.Release|Any CPU.Build.0 = Release|Any CPU
	EndGlobalSection
	GlobalSection(SolutionProperties) = preSolution
		HideSolutionNode = FALSE
	EndGlobalSection
	GlobalSection(ExtensibilityGlobals) = postSolution
		SolutionGuid = {2A061F0C-6E9A-416A-97FB-ADE4844B481F}
	EndGlobalSection
EndGlobal
